// !$*UTF8*$!
{
	archiveVersion = 1;
	classes = {
	};
	objectVersion = 56;
	objects = {

/* Begin PBXBuildFile section */
		94AA01822A02A57C00BBE404 /* AnimalKR_MVVMApp.swift in Sources */ = {isa = PBXBuildFile; fileRef = 94AA01812A02A57C00BBE404 /* AnimalKR_MVVMApp.swift */; };
		94AA01842A02A57C00BBE404 /* ContentView.swift in Sources */ = {isa = PBXBuildFile; fileRef = 94AA01832A02A57C00BBE404 /* ContentView.swift */; };
		94AA01862A02A57D00BBE404 /* Assets.xcassets in Resources */ = {isa = PBXBuildFile; fileRef = 94AA01852A02A57D00BBE404 /* Assets.xcassets */; };
		94AA01892A02A57D00BBE404 /* Preview Assets.xcassets in Resources */ = {isa = PBXBuildFile; fileRef = 94AA01882A02A57D00BBE404 /* Preview Assets.xcassets */; };
		94AA019C2A02A61200BBE404 /* animals.json in Resources */ = {isa = PBXBuildFile; fileRef = 94AA01992A02A61200BBE404 /* animals.json */; };
		94AA019D2A02A61200BBE404 /* videos.json in Resources */ = {isa = PBXBuildFile; fileRef = 94AA019A2A02A61200BBE404 /* videos.json */; };
		94AA019E2A02A61200BBE404 /* covers.json in Resources */ = {isa = PBXBuildFile; fileRef = 94AA019B2A02A61200BBE404 /* covers.json */; };
		94AA01A02A02AACC00BBE404 /* FrameExtension.swift in Sources */ = {isa = PBXBuildFile; fileRef = 94AA019F2A02AACC00BBE404 /* FrameExtension.swift */; };
/* End PBXBuildFile section */

/* Begin PBXFileReference section */
		94AA017E2A02A57C00BBE404 /* AnimalKR_MVVM.app */ = {isa = PBXFileReference; explicitFileType = wrapper.application; includeInIndex = 0; path = AnimalKR_MVVM.app; sourceTree = BUILT_PRODUCTS_DIR; };
		94AA01812A02A57C00BBE404 /* AnimalKR_MVVMApp.swift */ = {isa = PBXFileReference; lastKnownFileType = sourcecode.swift; path = AnimalKR_MVVMApp.swift; sourceTree = "<group>"; };
		94AA01832A02A57C00BBE404 /* ContentView.swift */ = {isa = PBXFileReference; lastKnownFileType = sourcecode.swift; path = ContentView.swift; sourceTree = "<group>"; };
		94AA01852A02A57D00BBE404 /* Assets.xcassets */ = {isa = PBXFileReference; lastKnownFileType = folder.assetcatalog; path = Assets.xcassets; sourceTree = "<group>"; };
		94AA01882A02A57D00BBE404 /* Preview Assets.xcassets */ = {isa = PBXFileReference; lastKnownFileType = folder.assetcatalog; path = "Preview Assets.xcassets"; sourceTree = "<group>"; };
		94AA01992A02A61200BBE404 /* animals.json */ = {isa = PBXFileReference; fileEncoding = 4; lastKnownFileType = text.json; path = animals.json; sourceTree = "<group>"; };
		94AA019A2A02A61200BBE404 /* videos.json */ = {isa = PBXFileReference; fileEncoding = 4; lastKnownFileType = text.json; path = videos.json; sourceTree = "<group>"; };
		94AA019B2A02A61200BBE404 /* covers.json */ = {isa = PBXFileReference; fileEncoding = 4; lastKnownFileType = text.json; path = covers.json; sourceTree = "<group>"; };
		94AA019F2A02AACC00BBE404 /* FrameExtension.swift */ = {isa = PBXFileReference; lastKnownFileType = sourcecode.swift; path = FrameExtension.swift; sourceTree = "<group>"; };
/* End PBXFileReference section */

/* Begin PBXFrameworksBuildPhase section */
		94AA017B2A02A57C00BBE404 /* Frameworks */ = {
			isa = PBXFrameworksBuildPhase;
			buildActionMask = 2147483647;
			files = (
			);
			runOnlyForDeploymentPostprocessing = 0;
		};
/* End PBXFrameworksBuildPhase section */

/* Begin PBXGroup section */
		94AA01752A02A57C00BBE404 = {
			isa = PBXGroup;
			children = (
				94AA01802A02A57C00BBE404 /* AnimalKR_MVVM */,
				94AA017F2A02A57C00BBE404 /* Products */,
			);
			sourceTree = "<group>";
		};
		94AA017F2A02A57C00BBE404 /* Products */ = {
			isa = PBXGroup;
			children = (
				94AA017E2A02A57C00BBE404 /* AnimalKR_MVVM.app */,
			);
			name = Products;
			sourceTree = "<group>";
		};
		94AA01802A02A57C00BBE404 /* AnimalKR_MVVM */ = {
			isa = PBXGroup;
			children = (
				94AA01942A02A5B500BBE404 /* App */,
				94AA01932A02A5B100BBE404 /* Model */,
				94AA01922A02A5AD00BBE404 /* ViewModel */,
				94AA01912A02A5A900BBE404 /* View */,
				94AA01902A02A59E00BBE404 /* Extensions */,
				94AA018F2A02A58C00BBE404 /* Data */,
				94AA01852A02A57D00BBE404 /* Assets.xcassets */,
				94AA01872A02A57D00BBE404 /* Preview Content */,
			);
			path = AnimalKR_MVVM;
			sourceTree = "<group>";
		};
		94AA01872A02A57D00BBE404 /* Preview Content */ = {
			isa = PBXGroup;
			children = (
				94AA01882A02A57D00BBE404 /* Preview Assets.xcassets */,
			);
			path = "Preview Content";
			sourceTree = "<group>";
		};
		94AA018F2A02A58C00BBE404 /* Data */ = {
			isa = PBXGroup;
			children = (
				94AA01992A02A61200BBE404 /* animals.json */,
				94AA019B2A02A61200BBE404 /* covers.json */,
				94AA019A2A02A61200BBE404 /* videos.json */,
			);
			path = Data;
			sourceTree = "<group>";
		};
		94AA01902A02A59E00BBE404 /* Extensions */ = {
			isa = PBXGroup;
			children = (
				94AA019F2A02AACC00BBE404 /* FrameExtension.swift */,
			);
			path = Extensions;
			sourceTree = "<group>";
		};
		94AA01912A02A5A900BBE404 /* View */ = {
			isa = PBXGroup;
			children = (
				94AA01982A02A5D000BBE404 /* ContentView */,
				94AA01972A02A5CA00BBE404 /* VideoView */,
				94AA01962A02A5C400BBE404 /* GalleryView */,
				94AA01952A02A5BE00BBE404 /* AppInfo */,
			);
			path = View;
			sourceTree = "<group>";
		};
		94AA01922A02A5AD00BBE404 /* ViewModel */ = {
			isa = PBXGroup;
			children = (
			);
			path = ViewModel;
			sourceTree = "<group>";
		};
		94AA01932A02A5B100BBE404 /* Model */ = {
			isa = PBXGroup;
			children = (
			);
			path = Model;
			sourceTree = "<group>";
		};
		94AA01942A02A5B500BBE404 /* App */ = {
			isa = PBXGroup;
			children = (
				94AA01812A02A57C00BBE404 /* AnimalKR_MVVMApp.swift */,
			);
			path = App;
			sourceTree = "<group>";
		};
		94AA01952A02A5BE00BBE404 /* AppInfo */ = {
			isa = PBXGroup;
			children = (
			);
			path = AppInfo;
			sourceTree = "<group>";
		};
		94AA01962A02A5C400BBE404 /* GalleryView */ = {
			isa = PBXGroup;
			children = (
			);
			path = GalleryView;
			sourceTree = "<group>";
		};
		94AA01972A02A5CA00BBE404 /* VideoView */ = {
			isa = PBXGroup;
			children = (
			);
			path = VideoView;
			sourceTree = "<group>";
		};
		94AA01982A02A5D000BBE404 /* ContentView */ = {
			isa = PBXGroup;
			children = (
				94AA01832A02A57C00BBE404 /* ContentView.swift */,
			);
			path = ContentView;
			sourceTree = "<group>";
		};
/* End PBXGroup section */

/* Begin PBXNativeTarget section */
		94AA017D2A02A57C00BBE404 /* AnimalKR_MVVM */ = {
			isa = PBXNativeTarget;
			buildConfigurationList = 94AA018C2A02A57D00BBE404 /* Build configuration list for PBXNativeTarget "AnimalKR_MVVM" */;
			buildPhases = (
				94AA017A2A02A57C00BBE404 /* Sources */,
				94AA017B2A02A57C00BBE404 /* Frameworks */,
				94AA017C2A02A57C00BBE404 /* Resources */,
			);
			buildRules = (
			);
			dependencies = (
			);
			name = AnimalKR_MVVM;
			productName = AnimalKR_MVVM;
			productReference = 94AA017E2A02A57C00BBE404 /* AnimalKR_MVVM.app */;
			productType = "com.apple.product-type.application";
		};
/* End PBXNativeTarget section */

/* Begin PBXProject section */
		94AA01762A02A57C00BBE404 /* Project object */ = {
			isa = PBXProject;
			attributes = {
				BuildIndependentTargetsInParallel = 1;
				LastSwiftUpdateCheck = 1420;
				LastUpgradeCheck = 1420;
				TargetAttributes = {
					94AA017D2A02A57C00BBE404 = {
						CreatedOnToolsVersion = 14.2;
					};
				};
			};
			buildConfigurationList = 94AA01792A02A57C00BBE404 /* Build configuration list for PBXProject "AnimalKR_MVVM" */;
			compatibilityVersion = "Xcode 14.0";
			developmentRegion = en;
			hasScannedForEncodings = 0;
			knownRegions = (
				en,
				Base,
			);
			mainGroup = 94AA01752A02A57C00BBE404;
			productRefGroup = 94AA017F2A02A57C00BBE404 /* Products */;
			projectDirPath = "";
			projectRoot = "";
			targets = (
				94AA017D2A02A57C00BBE404 /* AnimalKR_MVVM */,
			);
		};
/* End PBXProject section */

/* Begin PBXResourcesBuildPhase section */
		94AA017C2A02A57C00BBE404 /* Resources */ = {
			isa = PBXResourcesBuildPhase;
			buildActionMask = 2147483647;
			files = (
				94AA019E2A02A61200BBE404 /* covers.json in Resources */,
				94AA019C2A02A61200BBE404 /* animals.json in Resources */,
				94AA019D2A02A61200BBE404 /* videos.json in Resources */,
				94AA01892A02A57D00BBE404 /* Preview Assets.xcassets in Resources */,
				94AA01862A02A57D00BBE404 /* Assets.xcassets in Resources */,
			);
			runOnlyForDeploymentPostprocessing = 0;
		};
/* End PBXResourcesBuildPhase section */

/* Begin PBXSourcesBuildPhase section */
		94AA017A2A02A57C00BBE404 /* Sources */ = {
			isa = PBXSourcesBuildPhase;
			buildActionMask = 2147483647;
			files = (
				94AA01842A02A57C00BBE404 /* ContentView.swift in Sources */,
				94AA01822A02A57C00BBE404 /* AnimalKR_MVVMApp.swift in Sources */,
				94AA01A02A02AACC00BBE404 /* FrameExtension.swift in Sources */,
			);
			runOnlyForDeploymentPostprocessing = 0;
		};
/* End PBXSourcesBuildPhase section */

/* Begin XCBuildConfiguration section */
		94AA018A2A02A57D00BBE404 /* Debug */ = {
			isa = XCBuildConfiguration;
			buildSettings = {
				ALWAYS_SEARCH_USER_PATHS = NO;
				CLANG_ANALYZER_NONNULL = YES;
				CLANG_ANALYZER_NUMBER_OBJECT_CONVERSION = YES_AGGRESSIVE;
				CLANG_CXX_LANGUAGE_STANDARD = "gnu++20";
				CLANG_ENABLE_MODULES = YES;
				CLANG_ENABLE_OBJC_ARC = YES;
				CLANG_ENABLE_OBJC_WEAK = YES;
				CLANG_WARN_BLOCK_CAPTURE_AUTORELEASING = YES;
				CLANG_WARN_BOOL_CONVERSION = YES;
				CLANG_WARN_COMMA = YES;
				CLANG_WARN_CONSTANT_CONVERSION = YES;
				CLANG_WARN_DEPRECATED_OBJC_IMPLEMENTATIONS = YES;
				CLANG_WARN_DIRECT_OBJC_ISA_USAGE = YES_ERROR;
				CLANG_WARN_DOCUMENTATION_COMMENTS = YES;
				CLANG_WARN_EMPTY_BODY = YES;
				CLANG_WARN_ENUM_CONVERSION = YES;
				CLANG_WARN_INFINITE_RECURSION = YES;
				CLANG_WARN_INT_CONVERSION = YES;
				CLANG_WARN_NON_LITERAL_NULL_CONVERSION = YES;
				CLANG_WARN_OBJC_IMPLICIT_RETAIN_SELF = YES;
				CLANG_WARN_OBJC_LITERAL_CONVERSION = YES;
				CLANG_WARN_OBJC_ROOT_CLASS = YES_ERROR;
				CLANG_WARN_QUOTED_INCLUDE_IN_FRAMEWORK_HEADER = YES;
				CLANG_WARN_RANGE_LOOP_ANALYSIS = YES;
				CLANG_WARN_STRICT_PROTOTYPES = YES;
				CLANG_WARN_SUSPICIOUS_MOVE = YES;
				CLANG_WARN_UNGUARDED_AVAILABILITY = YES_AGGRESSIVE;
				CLANG_WARN_UNREACHABLE_CODE = YES;
				CLANG_WARN__DUPLICATE_METHOD_MATCH = YES;
				COPY_PHASE_STRIP = NO;
				DEBUG_INFORMATION_FORMAT = dwarf;
				ENABLE_STRICT_OBJC_MSGSEND = YES;
				ENABLE_TESTABILITY = YES;
				GCC_C_LANGUAGE_STANDARD = gnu11;
				GCC_DYNAMIC_NO_PIC = NO;
				GCC_NO_COMMON_BLOCKS = YES;
				GCC_OPTIMIZATION_LEVEL = 0;
				GCC_PREPROCESSOR_DEFINITIONS = (
					"DEBUG=1",
					"$(inherited)",
				);
				GCC_WARN_64_TO_32_BIT_CONVERSION = YES;
				GCC_WARN_ABOUT_RETURN_TYPE = YES_ERROR;
				GCC_WARN_UNDECLARED_SELECTOR = YES;
				GCC_WARN_UNINITIALIZED_AUTOS = YES_AGGRESSIVE;
				GCC_WARN_UNUSED_FUNCTION = YES;
				GCC_WARN_UNUSED_VARIABLE = YES;
				IPHONEOS_DEPLOYMENT_TARGET = 16.2;
				MTL_ENABLE_DEBUG_INFO = INCLUDE_SOURCE;
				MTL_FAST_MATH = YES;
				ONLY_ACTIVE_ARCH = YES;
				SDKROOT = iphoneos;
				SWIFT_ACTIVE_COMPILATION_CONDITIONS = DEBUG;
				SWIFT_OPTIMIZATION_LEVEL = "-Onone";
			};
			name = Debug;
		};
		94AA018B2A02A57D00BBE404 /* Release */ = {
			isa = XCBuildConfiguration;
			buildSettings = {
				ALWAYS_SEARCH_USER_PATHS = NO;
				CLANG_ANALYZER_NONNULL = YES;
				CLANG_ANALYZER_NUMBER_OBJECT_CONVERSION = YES_AGGRESSIVE;
				CLANG_CXX_LANGUAGE_STANDARD = "gnu++20";
				CLANG_ENABLE_MODULES = YES;
				CLANG_ENABLE_OBJC_ARC = YES;
				CLANG_ENABLE_OBJC_WEAK = YES;
				CLANG_WARN_BLOCK_CAPTURE_AUTORELEASING = YES;
				CLANG_WARN_BOOL_CONVERSION = YES;
				CLANG_WARN_COMMA = YES;
				CLANG_WARN_CONSTANT_CONVERSION = YES;
				CLANG_WARN_DEPRECATED_OBJC_IMPLEMENTATIONS = YES;
				CLANG_WARN_DIRECT_OBJC_ISA_USAGE = YES_ERROR;
				CLANG_WARN_DOCUMENTATION_COMMENTS = YES;
				CLANG_WARN_EMPTY_BODY = YES;
				CLANG_WARN_ENUM_CONVERSION = YES;
				CLANG_WARN_INFINITE_RECURSION = YES;
				CLANG_WARN_INT_CONVERSION = YES;
				CLANG_WARN_NON_LITERAL_NULL_CONVERSION = YES;
				CLANG_WARN_OBJC_IMPLICIT_RETAIN_SELF = YES;
				CLANG_WARN_OBJC_LITERAL_CONVERSION = YES;
				CLANG_WARN_OBJC_ROOT_CLASS = YES_ERROR;
				CLANG_WARN_QUOTED_INCLUDE_IN_FRAMEWORK_HEADER = YES;
				CLANG_WARN_RANGE_LOOP_ANALYSIS = YES;
				CLANG_WARN_STRICT_PROTOTYPES = YES;
				CLANG_WARN_SUSPICIOUS_MOVE = YES;
				CLANG_WARN_UNGUARDED_AVAILABILITY = YES_AGGRESSIVE;
				CLANG_WARN_UNREACHABLE_CODE = YES;
				CLANG_WARN__DUPLICATE_METHOD_MATCH = YES;
				COPY_PHASE_STRIP = NO;
				DEBUG_INFORMATION_FORMAT = "dwarf-with-dsym";
				ENABLE_NS_ASSERTIONS = NO;
				ENABLE_STRICT_OBJC_MSGSEND = YES;
				GCC_C_LANGUAGE_STANDARD = gnu11;
				GCC_NO_COMMON_BLOCKS = YES;
				GCC_WARN_64_TO_32_BIT_CONVERSION = YES;
				GCC_WARN_ABOUT_RETURN_TYPE = YES_ERROR;
				GCC_WARN_UNDECLARED_SELECTOR = YES;
				GCC_WARN_UNINITIALIZED_AUTOS = YES_AGGRESSIVE;
				GCC_WARN_UNUSED_FUNCTION = YES;
				GCC_WARN_UNUSED_VARIABLE = YES;
				IPHONEOS_DEPLOYMENT_TARGET = 16.2;
				MTL_ENABLE_DEBUG_INFO = NO;
				MTL_FAST_MATH = YES;
				SDKROOT = iphoneos;
				SWIFT_COMPILATION_MODE = wholemodule;
				SWIFT_OPTIMIZATION_LEVEL = "-O";
				VALIDATE_PRODUCT = YES;
			};
			name = Release;
		};
		94AA018D2A02A57D00BBE404 /* Debug */ = {
			isa = XCBuildConfiguration;
			buildSettings = {
				ASSETCATALOG_COMPILER_APPICON_NAME = AppIcon;
				ASSETCATALOG_COMPILER_GLOBAL_ACCENT_COLOR_NAME = AccentColor;
				CODE_SIGN_STYLE = Automatic;
				CURRENT_PROJECT_VERSION = 1;
				DEVELOPMENT_ASSET_PATHS = "\"AnimalKR_MVVM/Preview Content\"";
				DEVELOPMENT_TEAM = UNTPRP3C66;
				ENABLE_PREVIEWS = YES;
				GENERATE_INFOPLIST_FILE = YES;
				INFOPLIST_KEY_UIApplicationSceneManifest_Generation = YES;
				INFOPLIST_KEY_UIApplicationSupportsIndirectInputEvents = YES;
				INFOPLIST_KEY_UILaunchScreen_Generation = YES;
				INFOPLIST_KEY_UISupportedInterfaceOrientations_iPad = "UIInterfaceOrientationPortrait UIInterfaceOrientationPortraitUpsideDown UIInterfaceOrientationLandscapeLeft UIInterfaceOrientationLandscapeRight";
				INFOPLIST_KEY_UISupportedInterfaceOrientations_iPhone = "UIInterfaceOrientationPortrait UIInterfaceOrientationLandscapeLeft UIInterfaceOrientationLandscapeRight";
				LD_RUNPATH_SEARCH_PATHS = (
					"$(inherited)",
					"@executable_path/Frameworks",
				);
				MARKETING_VERSION = 1.0;
				PRODUCT_BUNDLE_IDENTIFIER = "jp.kyulee.AnimalKR-MVVM";
				PRODUCT_NAME = "$(TARGET_NAME)";
				SWIFT_EMIT_LOC_STRINGS = YES;
				SWIFT_VERSION = 5.0;
				TARGETED_DEVICE_FAMILY = "1,2";
			};
			name = Debug;
		};
		94AA018E2A02A57D00BBE404 /* Release */ = {
			isa = XCBuildConfiguration;
			buildSettings = {
				ASSETCATALOG_COMPILER_APPICON_NAME = AppIcon;
				ASSETCATALOG_COMPILER_GLOBAL_ACCENT_COLOR_NAME = AccentColor;
				CODE_SIGN_STYLE = Automatic;
				CURRENT_PROJECT_VERSION = 1;
				DEVELOPMENT_ASSET_PATHS = "\"AnimalKR_MVVM/Preview Content\"";
				DEVELOPMENT_TEAM = UNTPRP3C66;
				ENABLE_PREVIEWS = YES;
				GENERATE_INFOPLIST_FILE = YES;
				INFOPLIST_KEY_UIApplicationSceneManifest_Generation = YES;
				INFOPLIST_KEY_UIApplicationSupportsIndirectInputEvents = YES;
				INFOPLIST_KEY_UILaunchScreen_Generation = YES;
				INFOPLIST_KEY_UISupportedInterfaceOrientations_iPad = "UIInterfaceOrientationPortrait UIInterfaceOrientationPortraitUpsideDown UIInterfaceOrientationLandscapeLeft UIInterfaceOrientationLandscapeRight";
				INFOPLIST_KEY_UISupportedInterfaceOrientations_iPhone = "UIInterfaceOrientationPortrait UIInterfaceOrientationLandscapeLeft UIInterfaceOrientationLandscapeRight";
				LD_RUNPATH_SEARCH_PATHS = (
					"$(inherited)",
					"@executable_path/Frameworks",
				);
				MARKETING_VERSION = 1.0;
				PRODUCT_BUNDLE_IDENTIFIER = "jp.kyulee.AnimalKR-MVVM";
				PRODUCT_NAME = "$(TARGET_NAME)";
				SWIFT_EMIT_LOC_STRINGS = YES;
				SWIFT_VERSION = 5.0;
				TARGETED_DEVICE_FAMILY = "1,2";
			};
			name = Release;
		};
/* End XCBuildConfiguration section */

/* Begin XCConfigurationList section */
		94AA01792A02A57C00BBE404 /* Build configuration list for PBXProject "AnimalKR_MVVM" */ = {
			isa = XCConfigurationList;
			buildConfigurations = (
				94AA018A2A02A57D00BBE404 /* Debug */,
				94AA018B2A02A57D00BBE404 /* Release */,
			);
			defaultConfigurationIsVisible = 0;
			defaultConfigurationName = Release;
		};
		94AA018C2A02A57D00BBE404 /* Build configuration list for PBXNativeTarget "AnimalKR_MVVM" */ = {
			isa = XCConfigurationList;
			buildConfigurations = (
				94AA018D2A02A57D00BBE404 /* Debug */,
				94AA018E2A02A57D00BBE404 /* Release */,
			);
			defaultConfigurationIsVisible = 0;
			defaultConfigurationName = Release;
		};
/* End XCConfigurationList section */
	};
	rootObject = 94AA01762A02A57C00BBE404 /* Project object */;
}
